
Microsoft Visual Studio Solution File, Format Version 12.00
# Visual Studio Version 17
VisualStudioVersion = 17.5.33516.290
MinimumVisualStudioVersion = 10.0.40219.1
Project("{FAE04EC0-301F-11D3-BF4B-00C04F79EFBC}") = "MovieTicketApp_MVC_project", "MovieTicketApp_MVC_project\MovieTicketApp_MVC_project.csproj", "{C872BA92-04CE-4435-BE90-A62423F4AEFC}"
EndProject
Global
	GlobalSection(SolutionConfigurationPlatforms) = preSolution
		Debug|Any CPU = Debug|Any CPU
		Release|Any CPU = Release|Any CPU
	EndGlobalSection
	GlobalSection(ProjectConfigurationPlatforms) = postSolution
		{C872BA92-04CE-4435-BE90-A62423F4AEFC}.Debug|Any CPU.ActiveCfg = Debug|Any CPU
		{C872BA92-04CE-4435-BE90-A62423F4AEFC}.Debug|Any CPU.Build.0 = Debug|Any CPU
		{C872BA92-04CE-4435-BE90-A62423F4AEFC}.Release|Any CPU.ActiveCfg = Release|Any CPU
		{C872BA92-04CE-4435-BE90-A62423F4AEFC}.Release|Any CPU.Build.0 = Release|Any CPU
	EndGlobalSection
	GlobalSection(SolutionProperties) = preSolution
		HideSolutionNode = FALSE
	EndGlobalSection
	GlobalSection(ExtensibilityGlobals) = postSolution
		SolutionGuid = {10578C34-392A-47CA-B0BC-9810CEB4026E}
	EndGlobalSection
EndGlobal
